
Microsoft Visual Studio Solution File, Format Version 12.00
# Visual Studio Version 17
VisualStudioVersion = 17.13.35806.99 d17.13
MinimumVisualStudioVersion = 10.0.40219.1
Project("{FAE04EC0-301F-11D3-BF4B-00C04F79EFBC}") = "laba6_charp_last", "laba6_charp_last\laba6_charp_last.csproj", "{97C4CB15-1647-43CD-A8B9-955F5DD3FA94}"
EndProject
Global
	GlobalSection(SolutionConfigurationPlatforms) = preSolution
		Debug|Any CPU = Debug|Any CPU
		Release|Any CPU = Release|Any CPU
	EndGlobalSection
	GlobalSection(ProjectConfigurationPlatforms) = postSolution
		{97C4CB15-1647-43CD-A8B9-955F5DD3FA94}.Debug|Any CPU.ActiveCfg = Debug|Any CPU
		{97C4CB15-1647-43CD-A8B9-955F5DD3FA94}.Debug|Any CPU.Build.0 = Debug|Any CPU
		{97C4CB15-1647-43CD-A8B9-955F5DD3FA94}.Release|Any CPU.ActiveCfg = Release|Any CPU
		{97C4CB15-1647-43CD-A8B9-955F5DD3FA94}.Release|Any CPU.Build.0 = Release|Any CPU
	EndGlobalSection
	GlobalSection(SolutionProperties) = preSolution
		HideSolutionNode = FALSE
	EndGlobalSection
	GlobalSection(ExtensibilityGlobals) = postSolution
		SolutionGuid = {86004A2F-8CE5-4085-8E43-A9D343A4A2BC}
	EndGlobalSection
EndGlobal
